
Microsoft Visual Studio Solution File, Format Version 12.00
# Visual Studio Version 17
VisualStudioVersion = 17.8.34330.188
MinimumVisualStudioVersion = 10.0.40219.1
Project("{888888A0-9F3D-457C-B088-3A5042F75D52}") = "CIS_261_IterationAndRecursion", "CIS_261_IterationAndRecursion.pyproj", "{EA58BBE6-2C16-4535-AA76-076A962372CF}"
EndProject
Global
	GlobalSection(SolutionConfigurationPlatforms) = preSolution
		Debug|Any CPU = Debug|Any CPU
		Release|Any CPU = Release|Any CPU
	EndGlobalSection
	GlobalSection(ProjectConfigurationPlatforms) = postSolution
		{EA58BBE6-2C16-4535-AA76-076A962372CF}.Debug|Any CPU.ActiveCfg = Debug|Any CPU
		{EA58BBE6-2C16-4535-AA76-076A962372CF}.Release|Any CPU.ActiveCfg = Release|Any CPU
	EndGlobalSection
	GlobalSection(SolutionProperties) = preSolution
		HideSolutionNode = FALSE
	EndGlobalSection
	GlobalSection(ExtensibilityGlobals) = postSolution
		SolutionGuid = {9C6A1595-AB4C-45AA-A2AC-600011303B14}
	EndGlobalSection
EndGlobal
